
Microsoft Visual Studio Solution File, Format Version 12.00
# Visual Studio Version 16
VisualStudioVersion = 16.0.29613.14
MinimumVisualStudioVersion = 10.0.40219.1
Project("{FAE04EC0-301F-11D3-BF4B-00C04F79EFBC}") = "Application", "Application\Application.csproj", "{C7CB2BFB-39E2-4A88-9828-3F7D0268592B}"
EndProject
Project("{FAE04EC0-301F-11D3-BF4B-00C04F79EFBC}") = "Entity", "Entity\Entity.csproj", "{A0C5F1C8-DF5A-4BB6-AA49-C00B6D46DDED}"
EndProject
Project("{FAE04EC0-301F-11D3-BF4B-00C04F79EFBC}") = "Infrastructure", "Infrastructure\Infrastructure.csproj", "{FA1059AC-4AB6-4EB3-9BF4-FE4751410998}"
EndProject
Project("{FAE04EC0-301F-11D3-BF4B-00C04F79EFBC}") = "UI", "UI\UI.csproj", "{E9008AC2-ED88-479C-BCF0-686E5186E3A3}"
EndProject
Global
	GlobalSection(SolutionConfigurationPlatforms) = preSolution
		Debug|Any CPU = Debug|Any CPU
		Release|Any CPU = Release|Any CPU
	EndGlobalSection
	GlobalSection(ProjectConfigurationPlatforms) = postSolution
		{C7CB2BFB-39E2-4A88-9828-3F7D0268592B}.Debug|Any CPU.ActiveCfg = Debug|Any CPU
		{C7CB2BFB-39E2-4A88-9828-3F7D0268592B}.Debug|Any CPU.Build.0 = Debug|Any CPU
		{C7CB2BFB-39E2-4A88-9828-3F7D0268592B}.Release|Any CPU.ActiveCfg = Release|Any CPU
		{C7CB2BFB-39E2-4A88-9828-3F7D0268592B}.Release|Any CPU.Build.0 = Release|Any CPU
		{A0C5F1C8-DF5A-4BB6-AA49-C00B6D46DDED}.Debug|Any CPU.ActiveCfg = Debug|Any CPU
		{A0C5F1C8-DF5A-4BB6-AA49-C00B6D46DDED}.Debug|Any CPU.Build.0 = Debug|Any CPU
		{A0C5F1C8-DF5A-4BB6-AA49-C00B6D46DDED}.Release|Any CPU.ActiveCfg = Release|Any CPU
		{A0C5F1C8-DF5A-4BB6-AA49-C00B6D46DDED}.Release|Any CPU.Build.0 = Release|Any CPU
		{FA1059AC-4AB6-4EB3-9BF4-FE4751410998}.Debug|Any CPU.ActiveCfg = Debug|Any CPU
		{FA1059AC-4AB6-4EB3-9BF4-FE4751410998}.Debug|Any CPU.Build.0 = Debug|Any CPU
		{FA1059AC-4AB6-4EB3-9BF4-FE4751410998}.Release|Any CPU.ActiveCfg = Release|Any CPU
		{FA1059AC-4AB6-4EB3-9BF4-FE4751410998}.Release|Any CPU.Build.0 = Release|Any CPU
		{E9008AC2-ED88-479C-BCF0-686E5186E3A3}.Debug|Any CPU.ActiveCfg = Debug|Any CPU
		{E9008AC2-ED88-479C-BCF0-686E5186E3A3}.Debug|Any CPU.Build.0 = Debug|Any CPU
		{E9008AC2-ED88-479C-BCF0-686E5186E3A3}.Release|Any CPU.ActiveCfg = Release|Any CPU
		{E9008AC2-ED88-479C-BCF0-686E5186E3A3}.Release|Any CPU.Build.0 = Release|Any CPU
	EndGlobalSection
	GlobalSection(SolutionProperties) = preSolution
		HideSolutionNode = FALSE
	EndGlobalSection
	GlobalSection(ExtensibilityGlobals) = postSolution
		SolutionGuid = {5EE3466E-C72F-4A3D-9309-588AC796FD24}
	EndGlobalSection
EndGlobal
